
Microsoft Visual Studio Solution File, Format Version 12.00
# Visual Studio 14
VisualStudioVersion = 14.0.25420.1
MinimumVisualStudioVersion = 10.0.40219.1
Project("{FAE04EC0-301F-11D3-BF4B-00C04F79EFBC}") = "AsyncValidation", "AsyncValidation\AsyncValidation.csproj", "{13C23B3D-399D-464D-9C68-23514219E6DD}"
EndProject
Project("{2150E333-8FDC-42A3-9474-1A3956D46DE8}") = "Solution Items", "Solution Items", "{2A692F55-669E-4C2E-99DA-C37F11EBB351}"
EndProject
Project("{FAE04EC0-301F-11D3-BF4B-00C04F79EFBC}") = "AsyncValidation.Tests", "AsyncValidation.Tests\AsyncValidation.Tests.csproj", "{270D9BF7-7131-4B34-910D-9FA032E85D0E}"
EndProject
Project("{FAE04EC0-301F-11D3-BF4B-00C04F79EFBC}") = "AsyncValidation.Demo", "..\AsyncValidation.Demo\AsyncValidation.Demo.csproj", "{F82EDB46-6D87-460F-BA38-EBDF01FBF8F4}"
EndProject
Global
	GlobalSection(SolutionConfigurationPlatforms) = preSolution
		Debug|Any CPU = Debug|Any CPU
		Release|Any CPU = Release|Any CPU
	EndGlobalSection
	GlobalSection(ProjectConfigurationPlatforms) = postSolution
		{13C23B3D-399D-464D-9C68-23514219E6DD}.Debug|Any CPU.ActiveCfg = Debug|Any CPU
		{13C23B3D-399D-464D-9C68-23514219E6DD}.Debug|Any CPU.Build.0 = Debug|Any CPU
		{13C23B3D-399D-464D-9C68-23514219E6DD}.Release|Any CPU.ActiveCfg = Release|Any CPU
		{13C23B3D-399D-464D-9C68-23514219E6DD}.Release|Any CPU.Build.0 = Release|Any CPU
		{270D9BF7-7131-4B34-910D-9FA032E85D0E}.Debug|Any CPU.ActiveCfg = Debug|Any CPU
		{270D9BF7-7131-4B34-910D-9FA032E85D0E}.Debug|Any CPU.Build.0 = Debug|Any CPU
		{270D9BF7-7131-4B34-910D-9FA032E85D0E}.Release|Any CPU.ActiveCfg = Release|Any CPU
		{270D9BF7-7131-4B34-910D-9FA032E85D0E}.Release|Any CPU.Build.0 = Release|Any CPU
		{F82EDB46-6D87-460F-BA38-EBDF01FBF8F4}.Debug|Any CPU.ActiveCfg = Debug|Any CPU
		{F82EDB46-6D87-460F-BA38-EBDF01FBF8F4}.Debug|Any CPU.Build.0 = Debug|Any CPU
		{F82EDB46-6D87-460F-BA38-EBDF01FBF8F4}.Release|Any CPU.ActiveCfg = Release|Any CPU
		{F82EDB46-6D87-460F-BA38-EBDF01FBF8F4}.Release|Any CPU.Build.0 = Release|Any CPU
	EndGlobalSection
	GlobalSection(SolutionProperties) = preSolution
		HideSolutionNode = FALSE
	EndGlobalSection
EndGlobal
